// !$*UTF8*$!
{
	archiveVersion = 1;
	classes = {
	};
	objectVersion = 50;
	objects = {

/* Begin PBXBuildFile section */
		54FCF92E2497D2ED008157F2 /* AppDelegate.swift in Sources */ = {isa = PBXBuildFile; fileRef = 54FCF92D2497D2ED008157F2 /* AppDelegate.swift */; };
		54FCF9302497D2ED008157F2 /* SceneDelegate.swift in Sources */ = {isa = PBXBuildFile; fileRef = 54FCF92F2497D2ED008157F2 /* SceneDelegate.swift */; };
		54FCF9332497D2ED008157F2 /* MarvelHeroes.xcdatamodeld in Sources */ = {isa = PBXBuildFile; fileRef = 54FCF9312497D2ED008157F2 /* MarvelHeroes.xcdatamodeld */; };
		54FCF9352497D2ED008157F2 /* ContentView.swift in Sources */ = {isa = PBXBuildFile; fileRef = 54FCF9342497D2ED008157F2 /* ContentView.swift */; };
		54FCF9372497D2F0008157F2 /* Assets.xcassets in Resources */ = {isa = PBXBuildFile; fileRef = 54FCF9362497D2F0008157F2 /* Assets.xcassets */; };
		54FCF93A2497D2F0008157F2 /* Preview Assets.xcassets in Resources */ = {isa = PBXBuildFile; fileRef = 54FCF9392497D2F0008157F2 /* Preview Assets.xcassets */; };
		54FCF93D2497D2F0008157F2 /* LaunchScreen.storyboard in Resources */ = {isa = PBXBuildFile; fileRef = 54FCF93B2497D2F0008157F2 /* LaunchScreen.storyboard */; };
		54FCF9482497D2F0008157F2 /* MarvelHeroesTests.swift in Sources */ = {isa = PBXBuildFile; fileRef = 54FCF9472497D2F0008157F2 /* MarvelHeroesTests.swift */; };
		54FCF9532497D2F0008157F2 /* MarvelHeroesUITests.swift in Sources */ = {isa = PBXBuildFile; fileRef = 54FCF9522497D2F0008157F2 /* MarvelHeroesUITests.swift */; };
/* End PBXBuildFile section */

/* Begin PBXContainerItemProxy section */
		54FCF9442497D2F0008157F2 /* PBXContainerItemProxy */ = {
			isa = PBXContainerItemProxy;
			containerPortal = 54FCF9222497D2ED008157F2 /* Project object */;
			proxyType = 1;
			remoteGlobalIDString = 54FCF9292497D2ED008157F2;
			remoteInfo = MarvelHeroes;
		};
		54FCF94F2497D2F0008157F2 /* PBXContainerItemProxy */ = {
			isa = PBXContainerItemProxy;
			containerPortal = 54FCF9222497D2ED008157F2 /* Project object */;
			proxyType = 1;
			remoteGlobalIDString = 54FCF9292497D2ED008157F2;
			remoteInfo = MarvelHeroes;
		};
/* End PBXContainerItemProxy section */

/* Begin PBXFileReference section */
		54FCF92A2497D2ED008157F2 /* MarvelHeroes.app */ = {isa = PBXFileReference; explicitFileType = wrapper.application; includeInIndex = 0; path = MarvelHeroes.app; sourceTree = BUILT_PRODUCTS_DIR; };
		54FCF92D2497D2ED008157F2 /* AppDelegate.swift */ = {isa = PBXFileReference; lastKnownFileType = sourcecode.swift; path = AppDelegate.swift; sourceTree = "<group>"; };
		54FCF92F2497D2ED008157F2 /* SceneDelegate.swift */ = {isa = PBXFileReference; lastKnownFileType = sourcecode.swift; path = SceneDelegate.swift; sourceTree = "<group>"; };
		54FCF9322497D2ED008157F2 /* MarvelHeroes.xcdatamodel */ = {isa = PBXFileReference; lastKnownFileType = wrapper.xcdatamodel; path = MarvelHeroes.xcdatamodel; sourceTree = "<group>"; };
		54FCF9342497D2ED008157F2 /* ContentView.swift */ = {isa = PBXFileReference; lastKnownFileType = sourcecode.swift; path = ContentView.swift; sourceTree = "<group>"; };
		54FCF9362497D2F0008157F2 /* Assets.xcassets */ = {isa = PBXFileReference; lastKnownFileType = folder.assetcatalog; path = Assets.xcassets; sourceTree = "<group>"; };
		54FCF9392497D2F0008157F2 /* Preview Assets.xcassets */ = {isa = PBXFileReference; lastKnownFileType = folder.assetcatalog; path = "Preview Assets.xcassets"; sourceTree = "<group>"; };
		54FCF93C2497D2F0008157F2 /* Base */ = {isa = PBXFileReference; lastKnownFileType = file.storyboard; name = Base; path = Base.lproj/LaunchScreen.storyboard; sourceTree = "<group>"; };
		54FCF93E2497D2F0008157F2 /* Info.plist */ = {isa = PBXFileReference; lastKnownFileType = text.plist.xml; path = Info.plist; sourceTree = "<group>"; };
		54FCF9432497D2F0008157F2 /* MarvelHeroesTests.xctest */ = {isa = PBXFileReference; explicitFileType = wrapper.cfbundle; includeInIndex = 0; path = MarvelHeroesTests.xctest; sourceTree = BUILT_PRODUCTS_DIR; };
		54FCF9472497D2F0008157F2 /* MarvelHeroesTests.swift */ = {isa = PBXFileReference; lastKnownFileType = sourcecode.swift; path = MarvelHeroesTests.swift; sourceTree = "<group>"; };
		54FCF9492497D2F0008157F2 /* Info.plist */ = {isa = PBXFileReference; lastKnownFileType = text.plist.xml; path = Info.plist; sourceTree = "<group>"; };
		54FCF94E2497D2F0008157F2 /* MarvelHeroesUITests.xctest */ = {isa = PBXFileReference; explicitFileType = wrapper.cfbundle; includeInIndex = 0; path = MarvelHeroesUITests.xctest; sourceTree = BUILT_PRODUCTS_DIR; };
		54FCF9522497D2F0008157F2 /* MarvelHeroesUITests.swift */ = {isa = PBXFileReference; lastKnownFileType = sourcecode.swift; path = MarvelHeroesUITests.swift; sourceTree = "<group>"; };
		54FCF9542497D2F0008157F2 /* Info.plist */ = {isa = PBXFileReference; lastKnownFileType = text.plist.xml; path = Info.plist; sourceTree = "<group>"; };
/* End PBXFileReference section */

/* Begin PBXFrameworksBuildPhase section */
		54FCF9272497D2ED008157F2 /* Frameworks */ = {
			isa = PBXFrameworksBuildPhase;
			buildActionMask = 2147483647;
			files = (
			);
			runOnlyForDeploymentPostprocessing = 0;
		};
		54FCF9402497D2F0008157F2 /* Frameworks */ = {
			isa = PBXFrameworksBuildPhase;
			buildActionMask = 2147483647;
			files = (
			);
			runOnlyForDeploymentPostprocessing = 0;
		};
		54FCF94B2497D2F0008157F2 /* Frameworks */ = {
			isa = PBXFrameworksBuildPhase;
			buildActionMask = 2147483647;
			files = (
			);
			runOnlyForDeploymentPostprocessing = 0;
		};
/* End PBXFrameworksBuildPhase section */

/* Begin PBXGroup section */
		54FCF9212497D2ED008157F2 = {
			isa = PBXGroup;
			children = (
				54FCF92C2497D2ED008157F2 /* MarvelHeroes */,
				54FCF9462497D2F0008157F2 /* MarvelHeroesTests */,
				54FCF9512497D2F0008157F2 /* MarvelHeroesUITests */,
				54FCF92B2497D2ED008157F2 /* Products */,
			);
			sourceTree = "<group>";
		};
		54FCF92B2497D2ED008157F2 /* Products */ = {
			isa = PBXGroup;
			children = (
				54FCF92A2497D2ED008157F2 /* MarvelHeroes.app */,
				54FCF9432497D2F0008157F2 /* MarvelHeroesTests.xctest */,
				54FCF94E2497D2F0008157F2 /* MarvelHeroesUITests.xctest */,
			);
			name = Products;
			sourceTree = "<group>";
		};
		54FCF92C2497D2ED008157F2 /* MarvelHeroes */ = {
			isa = PBXGroup;
			children = (
				54FCF9642497D40D008157F2 /* Delegates */,
				54FCF9632497D403008157F2 /* Resources */,
				54FCF9622497D3F2008157F2 /* ViewModels */,
				54FCF9612497D3EB008157F2 /* Models */,
				54FCF9602497D3E1008157F2 /* Views */,
				54FCF93E2497D2F0008157F2 /* Info.plist */,
				54FCF9312497D2ED008157F2 /* MarvelHeroes.xcdatamodeld */,
				54FCF9382497D2F0008157F2 /* Preview Content */,
			);
			path = MarvelHeroes;
			sourceTree = "<group>";
		};
		54FCF9382497D2F0008157F2 /* Preview Content */ = {
			isa = PBXGroup;
			children = (
				54FCF9392497D2F0008157F2 /* Preview Assets.xcassets */,
			);
			path = "Preview Content";
			sourceTree = "<group>";
		};
		54FCF9462497D2F0008157F2 /* MarvelHeroesTests */ = {
			isa = PBXGroup;
			children = (
				54FCF9472497D2F0008157F2 /* MarvelHeroesTests.swift */,
				54FCF9492497D2F0008157F2 /* Info.plist */,
			);
			path = MarvelHeroesTests;
			sourceTree = "<group>";
		};
		54FCF9512497D2F0008157F2 /* MarvelHeroesUITests */ = {
			isa = PBXGroup;
			children = (
				54FCF9522497D2F0008157F2 /* MarvelHeroesUITests.swift */,
				54FCF9542497D2F0008157F2 /* Info.plist */,
			);
			path = MarvelHeroesUITests;
			sourceTree = "<group>";
		};
		54FCF9602497D3E1008157F2 /* Views */ = {
			isa = PBXGroup;
			children = (
				54FCF9342497D2ED008157F2 /* ContentView.swift */,
			);
			path = Views;
			sourceTree = "<group>";
		};
		54FCF9612497D3EB008157F2 /* Models */ = {
			isa = PBXGroup;
			children = (
			);
			path = Models;
			sourceTree = "<group>";
		};
		54FCF9622497D3F2008157F2 /* ViewModels */ = {
			isa = PBXGroup;
			children = (
			);
			path = ViewModels;
			sourceTree = "<group>";
		};
		54FCF9632497D403008157F2 /* Resources */ = {
			isa = PBXGroup;
			children = (
				54FCF93B2497D2F0008157F2 /* LaunchScreen.storyboard */,
				54FCF9362497D2F0008157F2 /* Assets.xcassets */,
			);
			path = Resources;
			sourceTree = "<group>";
		};
		54FCF9642497D40D008157F2 /* Delegates */ = {
			isa = PBXGroup;
			children = (
				54FCF92D2497D2ED008157F2 /* AppDelegate.swift */,
				54FCF92F2497D2ED008157F2 /* SceneDelegate.swift */,
			);
			path = Delegates;
			sourceTree = "<group>";
		};
/* End PBXGroup section */

/* Begin PBXNativeTarget section */
		54FCF9292497D2ED008157F2 /* MarvelHeroes */ = {
			isa = PBXNativeTarget;
			buildConfigurationList = 54FCF9572497D2F0008157F2 /* Build configuration list for PBXNativeTarget "MarvelHeroes" */;
			buildPhases = (
				54FCF9262497D2ED008157F2 /* Sources */,
				54FCF9272497D2ED008157F2 /* Frameworks */,
				54FCF9282497D2ED008157F2 /* Resources */,
			);
			buildRules = (
			);
			dependencies = (
			);
			name = MarvelHeroes;
			productName = MarvelHeroes;
			productReference = 54FCF92A2497D2ED008157F2 /* MarvelHeroes.app */;
			productType = "com.apple.product-type.application";
		};
		54FCF9422497D2F0008157F2 /* MarvelHeroesTests */ = {
			isa = PBXNativeTarget;
			buildConfigurationList = 54FCF95A2497D2F0008157F2 /* Build configuration list for PBXNativeTarget "MarvelHeroesTests" */;
			buildPhases = (
				54FCF93F2497D2F0008157F2 /* Sources */,
				54FCF9402497D2F0008157F2 /* Frameworks */,
				54FCF9412497D2F0008157F2 /* Resources */,
			);
			buildRules = (
			);
			dependencies = (
				54FCF9452497D2F0008157F2 /* PBXTargetDependency */,
			);
			name = MarvelHeroesTests;
			productName = MarvelHeroesTests;
			productReference = 54FCF9432497D2F0008157F2 /* MarvelHeroesTests.xctest */;
			productType = "com.apple.product-type.bundle.unit-test";
		};
		54FCF94D2497D2F0008157F2 /* MarvelHeroesUITests */ = {
			isa = PBXNativeTarget;
			buildConfigurationList = 54FCF95D2497D2F0008157F2 /* Build configuration list for PBXNativeTarget "MarvelHeroesUITests" */;
			buildPhases = (
				54FCF94A2497D2F0008157F2 /* Sources */,
				54FCF94B2497D2F0008157F2 /* Frameworks */,
				54FCF94C2497D2F0008157F2 /* Resources */,
			);
			buildRules = (
			);
			dependencies = (
				54FCF9502497D2F0008157F2 /* PBXTargetDependency */,
			);
			name = MarvelHeroesUITests;
			productName = MarvelHeroesUITests;
			productReference = 54FCF94E2497D2F0008157F2 /* MarvelHeroesUITests.xctest */;
			productType = "com.apple.product-type.bundle.ui-testing";
		};
/* End PBXNativeTarget section */

/* Begin PBXProject section */
		54FCF9222497D2ED008157F2 /* Project object */ = {
			isa = PBXProject;
			attributes = {
				LastSwiftUpdateCheck = 1150;
				LastUpgradeCheck = 1150;
				ORGANIZATIONNAME = MauVZ;
				TargetAttributes = {
					54FCF9292497D2ED008157F2 = {
						CreatedOnToolsVersion = 11.5;
					};
					54FCF9422497D2F0008157F2 = {
						CreatedOnToolsVersion = 11.5;
						TestTargetID = 54FCF9292497D2ED008157F2;
					};
					54FCF94D2497D2F0008157F2 = {
						CreatedOnToolsVersion = 11.5;
						TestTargetID = 54FCF9292497D2ED008157F2;
					};
				};
			};
			buildConfigurationList = 54FCF9252497D2ED008157F2 /* Build configuration list for PBXProject "MarvelHeroes" */;
			compatibilityVersion = "Xcode 9.3";
			developmentRegion = en;
			hasScannedForEncodings = 0;
			knownRegions = (
				en,
				Base,
			);
			mainGroup = 54FCF9212497D2ED008157F2;
			productRefGroup = 54FCF92B2497D2ED008157F2 /* Products */;
			projectDirPath = "";
			projectRoot = "";
			targets = (
				54FCF9292497D2ED008157F2 /* MarvelHeroes */,
				54FCF9422497D2F0008157F2 /* MarvelHeroesTests */,
				54FCF94D2497D2F0008157F2 /* MarvelHeroesUITests */,
			);
		};
/* End PBXProject section */

/* Begin PBXResourcesBuildPhase section */
		54FCF9282497D2ED008157F2 /* Resources */ = {
			isa = PBXResourcesBuildPhase;
			buildActionMask = 2147483647;
			files = (
				54FCF93D2497D2F0008157F2 /* LaunchScreen.storyboard in Resources */,
				54FCF93A2497D2F0008157F2 /* Preview Assets.xcassets in Resources */,
				54FCF9372497D2F0008157F2 /* Assets.xcassets in Resources */,
			);
			runOnlyForDeploymentPostprocessing = 0;
		};
		54FCF9412497D2F0008157F2 /* Resources */ = {
			isa = PBXResourcesBuildPhase;
			buildActionMask = 2147483647;
			files = (
			);
			runOnlyForDeploymentPostprocessing = 0;
		};
		54FCF94C2497D2F0008157F2 /* Resources */ = {
			isa = PBXResourcesBuildPhase;
			buildActionMask = 2147483647;
			files = (
			);
			runOnlyForDeploymentPostprocessing = 0;
		};
/* End PBXResourcesBuildPhase section */

/* Begin PBXSourcesBuildPhase section */
		54FCF9262497D2ED008157F2 /* Sources */ = {
			isa = PBXSourcesBuildPhase;
			buildActionMask = 2147483647;
			files = (
				54FCF92E2497D2ED008157F2 /* AppDelegate.swift in Sources */,
				54FCF9302497D2ED008157F2 /* SceneDelegate.swift in Sources */,
				54FCF9352497D2ED008157F2 /* ContentView.swift in Sources */,
				54FCF9332497D2ED008157F2 /* MarvelHeroes.xcdatamodeld in Sources */,
			);
			runOnlyForDeploymentPostprocessing = 0;
		};
		54FCF93F2497D2F0008157F2 /* Sources */ = {
			isa = PBXSourcesBuildPhase;
			buildActionMask = 2147483647;
			files = (
				54FCF9482497D2F0008157F2 /* MarvelHeroesTests.swift in Sources */,
			);
			runOnlyForDeploymentPostprocessing = 0;
		};
		54FCF94A2497D2F0008157F2 /* Sources */ = {
			isa = PBXSourcesBuildPhase;
			buildActionMask = 2147483647;
			files = (
				54FCF9532497D2F0008157F2 /* MarvelHeroesUITests.swift in Sources */,
			);
			runOnlyForDeploymentPostprocessing = 0;
		};
/* End PBXSourcesBuildPhase section */

/* Begin PBXTargetDependency section */
		54FCF9452497D2F0008157F2 /* PBXTargetDependency */ = {
			isa = PBXTargetDependency;
			target = 54FCF9292497D2ED008157F2 /* MarvelHeroes */;
			targetProxy = 54FCF9442497D2F0008157F2 /* PBXContainerItemProxy */;
		};
		54FCF9502497D2F0008157F2 /* PBXTargetDependency */ = {
			isa = PBXTargetDependency;
			target = 54FCF9292497D2ED008157F2 /* MarvelHeroes */;
			targetProxy = 54FCF94F2497D2F0008157F2 /* PBXContainerItemProxy */;
		};
/* End PBXTargetDependency section */

/* Begin PBXVariantGroup section */
		54FCF93B2497D2F0008157F2 /* LaunchScreen.storyboard */ = {
			isa = PBXVariantGroup;
			children = (
				54FCF93C2497D2F0008157F2 /* Base */,
			);
			name = LaunchScreen.storyboard;
			sourceTree = "<group>";
		};
/* End PBXVariantGroup section */

/* Begin XCBuildConfiguration section */
		54FCF9552497D2F0008157F2 /* Debug */ = {
			isa = XCBuildConfiguration;
			buildSettings = {
				ALWAYS_SEARCH_USER_PATHS = NO;
				CLANG_ANALYZER_NONNULL = YES;
				CLANG_ANALYZER_NUMBER_OBJECT_CONVERSION = YES_AGGRESSIVE;
				CLANG_CXX_LANGUAGE_STANDARD = "gnu++14";
				CLANG_CXX_LIBRARY = "libc++";
				CLANG_ENABLE_MODULES = YES;
				CLANG_ENABLE_OBJC_ARC = YES;
				CLANG_ENABLE_OBJC_WEAK = YES;
				CLANG_WARN_BLOCK_CAPTURE_AUTORELEASING = YES;
				CLANG_WARN_BOOL_CONVERSION = YES;
				CLANG_WARN_COMMA = YES;
				CLANG_WARN_CONSTANT_CONVERSION = YES;
				CLANG_WARN_DEPRECATED_OBJC_IMPLEMENTATIONS = YES;
				CLANG_WARN_DIRECT_OBJC_ISA_USAGE = YES_ERROR;
				CLANG_WARN_DOCUMENTATION_COMMENTS = YES;
				CLANG_WARN_EMPTY_BODY = YES;
				CLANG_WARN_ENUM_CONVERSION = YES;
				CLANG_WARN_INFINITE_RECURSION = YES;
				CLANG_WARN_INT_CONVERSION = YES;
				CLANG_WARN_NON_LITERAL_NULL_CONVERSION = YES;
				CLANG_WARN_OBJC_IMPLICIT_RETAIN_SELF = YES;
				CLANG_WARN_OBJC_LITERAL_CONVERSION = YES;
				CLANG_WARN_OBJC_ROOT_CLASS = YES_ERROR;
				CLANG_WARN_RANGE_LOOP_ANALYSIS = YES;
				CLANG_WARN_STRICT_PROTOTYPES = YES;
				CLANG_WARN_SUSPICIOUS_MOVE = YES;
				CLANG_WARN_UNGUARDED_AVAILABILITY = YES_AGGRESSIVE;
				CLANG_WARN_UNREACHABLE_CODE = YES;
				CLANG_WARN__DUPLICATE_METHOD_MATCH = YES;
				COPY_PHASE_STRIP = NO;
				DEBUG_INFORMATION_FORMAT = dwarf;
				ENABLE_STRICT_OBJC_MSGSEND = YES;
				ENABLE_TESTABILITY = YES;
				GCC_C_LANGUAGE_STANDARD = gnu11;
				GCC_DYNAMIC_NO_PIC = NO;
				GCC_NO_COMMON_BLOCKS = YES;
				GCC_OPTIMIZATION_LEVEL = 0;
				GCC_PREPROCESSOR_DEFINITIONS = (
					"DEBUG=1",
					"$(inherited)",
				);
				GCC_WARN_64_TO_32_BIT_CONVERSION = YES;
				GCC_WARN_ABOUT_RETURN_TYPE = YES_ERROR;
				GCC_WARN_UNDECLARED_SELECTOR = YES;
				GCC_WARN_UNINITIALIZED_AUTOS = YES_AGGRESSIVE;
				GCC_WARN_UNUSED_FUNCTION = YES;
				GCC_WARN_UNUSED_VARIABLE = YES;
				IPHONEOS_DEPLOYMENT_TARGET = 13.5;
				MTL_ENABLE_DEBUG_INFO = INCLUDE_SOURCE;
				MTL_FAST_MATH = YES;
				ONLY_ACTIVE_ARCH = YES;
				SDKROOT = iphoneos;
				SWIFT_ACTIVE_COMPILATION_CONDITIONS = DEBUG;
				SWIFT_OPTIMIZATION_LEVEL = "-Onone";
			};
			name = Debug;
		};
		54FCF9562497D2F0008157F2 /* Release */ = {
			isa = XCBuildConfiguration;
			buildSettings = {
				ALWAYS_SEARCH_USER_PATHS = NO;
				CLANG_ANALYZER_NONNULL = YES;
				CLANG_ANALYZER_NUMBER_OBJECT_CONVERSION = YES_AGGRESSIVE;
				CLANG_CXX_LANGUAGE_STANDARD = "gnu++14";
				CLANG_CXX_LIBRARY = "libc++";
				CLANG_ENABLE_MODULES = YES;
				CLANG_ENABLE_OBJC_ARC = YES;
				CLANG_ENABLE_OBJC_WEAK = YES;
				CLANG_WARN_BLOCK_CAPTURE_AUTORELEASING = YES;
				CLANG_WARN_BOOL_CONVERSION = YES;
				CLANG_WARN_COMMA = YES;
				CLANG_WARN_CONSTANT_CONVERSION = YES;
				CLANG_WARN_DEPRECATED_OBJC_IMPLEMENTATIONS = YES;
				CLANG_WARN_DIRECT_OBJC_ISA_USAGE = YES_ERROR;
				CLANG_WARN_DOCUMENTATION_COMMENTS = YES;
				CLANG_WARN_EMPTY_BODY = YES;
				CLANG_WARN_ENUM_CONVERSION = YES;
				CLANG_WARN_INFINITE_RECURSION = YES;
				CLANG_WARN_INT_CONVERSION = YES;
				CLANG_WARN_NON_LITERAL_NULL_CONVERSION = YES;
				CLANG_WARN_OBJC_IMPLICIT_RETAIN_SELF = YES;
				CLANG_WARN_OBJC_LITERAL_CONVERSION = YES;
				CLANG_WARN_OBJC_ROOT_CLASS = YES_ERROR;
				CLANG_WARN_RANGE_LOOP_ANALYSIS = YES;
				CLANG_WARN_STRICT_PROTOTYPES = YES;
				CLANG_WARN_SUSPICIOUS_MOVE = YES;
				CLANG_WARN_UNGUARDED_AVAILABILITY = YES_AGGRESSIVE;
				CLANG_WARN_UNREACHABLE_CODE = YES;
				CLANG_WARN__DUPLICATE_METHOD_MATCH = YES;
				COPY_PHASE_STRIP = NO;
				DEBUG_INFORMATION_FORMAT = "dwarf-with-dsym";
				ENABLE_NS_ASSERTIONS = NO;
				ENABLE_STRICT_OBJC_MSGSEND = YES;
				GCC_C_LANGUAGE_STANDARD = gnu11;
				GCC_NO_COMMON_BLOCKS = YES;
				GCC_WARN_64_TO_32_BIT_CONVERSION = YES;
				GCC_WARN_ABOUT_RETURN_TYPE = YES_ERROR;
				GCC_WARN_UNDECLARED_SELECTOR = YES;
				GCC_WARN_UNINITIALIZED_AUTOS = YES_AGGRESSIVE;
				GCC_WARN_UNUSED_FUNCTION = YES;
				GCC_WARN_UNUSED_VARIABLE = YES;
				IPHONEOS_DEPLOYMENT_TARGET = 13.5;
				MTL_ENABLE_DEBUG_INFO = NO;
				MTL_FAST_MATH = YES;
				SDKROOT = iphoneos;
				SWIFT_COMPILATION_MODE = wholemodule;
				SWIFT_OPTIMIZATION_LEVEL = "-O";
				VALIDATE_PRODUCT = YES;
			};
			name = Release;
		};
		54FCF9582497D2F0008157F2 /* Debug */ = {
			isa = XCBuildConfiguration;
			buildSettings = {
				ASSETCATALOG_COMPILER_APPICON_NAME = AppIcon;
				CODE_SIGN_STYLE = Automatic;
				DEVELOPMENT_ASSET_PATHS = "\"MarvelHeroes/Preview Content\"";
				DEVELOPMENT_TEAM = PPCD7J8R79;
				ENABLE_PREVIEWS = YES;
				INFOPLIST_FILE = MarvelHeroes/Info.plist;
				LD_RUNPATH_SEARCH_PATHS = (
					"$(inherited)",
					"@executable_path/Frameworks",
				);
				PRODUCT_BUNDLE_IDENTIFIER = io.github.maurovz.MarvelHeroes;
				PRODUCT_NAME = "$(TARGET_NAME)";
				SWIFT_VERSION = 5.0;
				TARGETED_DEVICE_FAMILY = "1,2";
			};
			name = Debug;
		};
		54FCF9592497D2F0008157F2 /* Release */ = {
			isa = XCBuildConfiguration;
			buildSettings = {
				ASSETCATALOG_COMPILER_APPICON_NAME = AppIcon;
				CODE_SIGN_STYLE = Automatic;
				DEVELOPMENT_ASSET_PATHS = "\"MarvelHeroes/Preview Content\"";
				DEVELOPMENT_TEAM = PPCD7J8R79;
				ENABLE_PREVIEWS = YES;
				INFOPLIST_FILE = MarvelHeroes/Info.plist;
				LD_RUNPATH_SEARCH_PATHS = (
					"$(inherited)",
					"@executable_path/Frameworks",
				);
				PRODUCT_BUNDLE_IDENTIFIER = io.github.maurovz.MarvelHeroes;
				PRODUCT_NAME = "$(TARGET_NAME)";
				SWIFT_VERSION = 5.0;
				TARGETED_DEVICE_FAMILY = "1,2";
			};
			name = Release;
		};
		54FCF95B2497D2F0008157F2 /* Debug */ = {
			isa = XCBuildConfiguration;
			buildSettings = {
				ALWAYS_EMBED_SWIFT_STANDARD_LIBRARIES = YES;
				BUNDLE_LOADER = "$(TEST_HOST)";
				CODE_SIGN_STYLE = Automatic;
				DEVELOPMENT_TEAM = PPCD7J8R79;
				INFOPLIST_FILE = MarvelHeroesTests/Info.plist;
				IPHONEOS_DEPLOYMENT_TARGET = 13.5;
				LD_RUNPATH_SEARCH_PATHS = (
					"$(inherited)",
					"@executable_path/Frameworks",
					"@loader_path/Frameworks",
				);
				PRODUCT_BUNDLE_IDENTIFIER = io.github.maurovz.MarvelHeroesTests;
				PRODUCT_NAME = "$(TARGET_NAME)";
				SWIFT_VERSION = 5.0;
				TARGETED_DEVICE_FAMILY = "1,2";
				TEST_HOST = "$(BUILT_PRODUCTS_DIR)/MarvelHeroes.app/MarvelHeroes";
			};
			name = Debug;
		};
		54FCF95C2497D2F0008157F2 /* Release */ = {
			isa = XCBuildConfiguration;
			buildSettings = {
				ALWAYS_EMBED_SWIFT_STANDARD_LIBRARIES = YES;
				BUNDLE_LOADER = "$(TEST_HOST)";
				CODE_SIGN_STYLE = Automatic;
				DEVELOPMENT_TEAM = PPCD7J8R79;
				INFOPLIST_FILE = MarvelHeroesTests/Info.plist;
				IPHONEOS_DEPLOYMENT_TARGET = 13.5;
				LD_RUNPATH_SEARCH_PATHS = (
					"$(inherited)",
					"@executable_path/Frameworks",
					"@loader_path/Frameworks",
				);
				PRODUCT_BUNDLE_IDENTIFIER = io.github.maurovz.MarvelHeroesTests;
				PRODUCT_NAME = "$(TARGET_NAME)";
				SWIFT_VERSION = 5.0;
				TARGETED_DEVICE_FAMILY = "1,2";
				TEST_HOST = "$(BUILT_PRODUCTS_DIR)/MarvelHeroes.app/MarvelHeroes";
			};
			name = Release;
		};
		54FCF95E2497D2F0008157F2 /* Debug */ = {
			isa = XCBuildConfiguration;
			buildSettings = {
				ALWAYS_EMBED_SWIFT_STANDARD_LIBRARIES = YES;
				CODE_SIGN_STYLE = Automatic;
				DEVELOPMENT_TEAM = PPCD7J8R79;
				INFOPLIST_FILE = MarvelHeroesUITests/Info.plist;
				LD_RUNPATH_SEARCH_PATHS = (
					"$(inherited)",
					"@executable_path/Frameworks",
					"@loader_path/Frameworks",
				);
				PRODUCT_BUNDLE_IDENTIFIER = io.github.maurovz.MarvelHeroesUITests;
				PRODUCT_NAME = "$(TARGET_NAME)";
				SWIFT_VERSION = 5.0;
				TARGETED_DEVICE_FAMILY = "1,2";
				TEST_TARGET_NAME = MarvelHeroes;
			};
			name = Debug;
		};
		54FCF95F2497D2F0008157F2 /* Release */ = {
			isa = XCBuildConfiguration;
			buildSettings = {
				ALWAYS_EMBED_SWIFT_STANDARD_LIBRARIES = YES;
				CODE_SIGN_STYLE = Automatic;
				DEVELOPMENT_TEAM = PPCD7J8R79;
				INFOPLIST_FILE = MarvelHeroesUITests/Info.plist;
				LD_RUNPATH_SEARCH_PATHS = (
					"$(inherited)",
					"@executable_path/Frameworks",
					"@loader_path/Frameworks",
				);
				PRODUCT_BUNDLE_IDENTIFIER = io.github.maurovz.MarvelHeroesUITests;
				PRODUCT_NAME = "$(TARGET_NAME)";
				SWIFT_VERSION = 5.0;
				TARGETED_DEVICE_FAMILY = "1,2";
				TEST_TARGET_NAME = MarvelHeroes;
			};
			name = Release;
		};
/* End XCBuildConfiguration section */

/* Begin XCConfigurationList section */
		54FCF9252497D2ED008157F2 /* Build configuration list for PBXProject "MarvelHeroes" */ = {
			isa = XCConfigurationList;
			buildConfigurations = (
				54FCF9552497D2F0008157F2 /* Debug */,
				54FCF9562497D2F0008157F2 /* Release */,
			);
			defaultConfigurationIsVisible = 0;
			defaultConfigurationName = Release;
		};
		54FCF9572497D2F0008157F2 /* Build configuration list for PBXNativeTarget "MarvelHeroes" */ = {
			isa = XCConfigurationList;
			buildConfigurations = (
				54FCF9582497D2F0008157F2 /* Debug */,
				54FCF9592497D2F0008157F2 /* Release */,
			);
			defaultConfigurationIsVisible = 0;
			defaultConfigurationName = Release;
		};
		54FCF95A2497D2F0008157F2 /* Build configuration list for PBXNativeTarget "MarvelHeroesTests" */ = {
			isa = XCConfigurationList;
			buildConfigurations = (
				54FCF95B2497D2F0008157F2 /* Debug */,
				54FCF95C2497D2F0008157F2 /* Release */,
			);
			defaultConfigurationIsVisible = 0;
			defaultConfigurationName = Release;
		};
		54FCF95D2497D2F0008157F2 /* Build configuration list for PBXNativeTarget "MarvelHeroesUITests" */ = {
			isa = XCConfigurationList;
			buildConfigurations = (
				54FCF95E2497D2F0008157F2 /* Debug */,
				54FCF95F2497D2F0008157F2 /* Release */,
			);
			defaultConfigurationIsVisible = 0;
			defaultConfigurationName = Release;
		};
/* End XCConfigurationList section */

/* Begin XCVersionGroup section */
		54FCF9312497D2ED008157F2 /* MarvelHeroes.xcdatamodeld */ = {
			isa = XCVersionGroup;
			children = (
				54FCF9322497D2ED008157F2 /* MarvelHeroes.xcdatamodel */,
			);
			currentVersion = 54FCF9322497D2ED008157F2 /* MarvelHeroes.xcdatamodel */;
			path = MarvelHeroes.xcdatamodeld;
			sourceTree = "<group>";
			versionGroupType = wrapper.xcdatamodel;
		};
/* End XCVersionGroup section */
	};
	rootObject = 54FCF9222497D2ED008157F2 /* Project object */;
}
